
Microsoft Visual Studio Solution File, Format Version 12.00
# Visual Studio Version 16
VisualStudioVersion = 16.0.31005.135
MinimumVisualStudioVersion = 10.0.40219.1
Project("{9A19103F-16F7-4668-BE54-9A1E7A4F7556}") = "Dotnet.XPlat.Docker.WebApp.App", "Dotnet.XPlat.Docker.WebApp.App\Dotnet.XPlat.Docker.WebApp.App.csproj", "{521EFD30-8530-4C3E-A700-1266DDCCF2B6}"
EndProject
Project("{E53339B2-1760-4266-BCC7-CA923CBCF16C}") = "Dotnet.XPlat.Docker.WebApp", "Dotnet.XPlat.Docker.WebApp.dcproj", "{DDA129E0-D45F-472D-807D-F000E8825CB9}"
EndProject
Global
	GlobalSection(SolutionConfigurationPlatforms) = preSolution
		Debug|Any CPU = Debug|Any CPU
		Release|Any CPU = Release|Any CPU
	EndGlobalSection
	GlobalSection(ProjectConfigurationPlatforms) = postSolution
		{521EFD30-8530-4C3E-A700-1266DDCCF2B6}.Debug|Any CPU.ActiveCfg = Debug|Any CPU
		{521EFD30-8530-4C3E-A700-1266DDCCF2B6}.Debug|Any CPU.Build.0 = Debug|Any CPU
		{521EFD30-8530-4C3E-A700-1266DDCCF2B6}.Release|Any CPU.ActiveCfg = Release|Any CPU
		{521EFD30-8530-4C3E-A700-1266DDCCF2B6}.Release|Any CPU.Build.0 = Release|Any CPU
		{DDA129E0-D45F-472D-807D-F000E8825CB9}.Debug|Any CPU.ActiveCfg = Debug|Any CPU
		{DDA129E0-D45F-472D-807D-F000E8825CB9}.Debug|Any CPU.Build.0 = Debug|Any CPU
		{DDA129E0-D45F-472D-807D-F000E8825CB9}.Release|Any CPU.ActiveCfg = Release|Any CPU
		{DDA129E0-D45F-472D-807D-F000E8825CB9}.Release|Any CPU.Build.0 = Release|Any CPU
	EndGlobalSection
	GlobalSection(SolutionProperties) = preSolution
		HideSolutionNode = FALSE
	EndGlobalSection
	GlobalSection(ExtensibilityGlobals) = postSolution
		SolutionGuid = {BDA7FF41-D280-4261-86DE-9C9B78B66F96}
	EndGlobalSection
EndGlobal
